<?xml version="1.0" encoding="UTF-8" standalone="yes" ?>
<CodeBlocks_project_file>
	<FileVersion major="1" minor="6" />
	<Project>
		<Option title="SDAProjectAgain" />
		<Option pch_mode="2" />
		<Option compiler="gcc" />
		<Build>
			<Target title="Debug">
				<Option output="bin/Debug/SDAProjectAgain" prefix_auto="1" extension_auto="1" />
				<Option object_output="obj/Debug/" />
				<Option type="1" />
				<Option compiler="gcc" />
				<Compiler>
					<Add option="-g" />
				</Compiler>
			</Target>
			<Target title="Release">
				<Option output="bin/Release/SDAProjectAgain" prefix_auto="1" extension_auto="1" />
				<Option object_output="obj/Release/" />
				<Option type="1" />
				<Option compiler="gcc" />
				<Compiler>
					<Add option="-O2" />
				</Compiler>
				<Linker>
					<Add option="-s" />
				</Linker>
			</Target>
		</Build>
		<Compiler>
			<Add option="-Wall" />
			<Add option="-fexceptions" />
			<Add directory="C:/Program Files (x86)/Dev-Cpp/MinGW64/include" />
		</Compiler>
		<Linker>
			<Add library="C:/Program Files (x86)/Dev-Cpp/MinGW64/lib/libmysql.a" />
		</Linker>
		<Unit filename="Admin.h">
			<Option target="&lt;{~None~}&gt;" />
		</Unit>
		<Unit filename="Donation.h">
			<Option target="&lt;{~None~}&gt;" />
		</Unit>
		<Unit filename="Donor.h">
			<Option target="&lt;{~None~}&gt;" />
		</Unit>
		<Unit filename="Payment.h">
			<Option target="&lt;{~None~}&gt;" />
		</Unit>
		<Unit filename="Recipient.h">
			<Option target="&lt;{~None~}&gt;" />
		</Unit>
		<Unit filename="Register.h">
			<Option target="&lt;{~None~}&gt;" />
		</Unit>
		<Unit filename="Request.h">
			<Option target="&lt;{~None~}&gt;" />
		</Unit>
		<Unit filename="main.cpp" />
		<Extensions>
			<code_completion />
			<envvars />
			<debugger />
			<lib_finder disable_auto="1" />
		</Extensions>
	</Project>
</CodeBlocks_project_file>
